
Microsoft Visual Studio Solution File, Format Version 12.00
# Visual Studio 15
VisualStudioVersion = 15.0.28010.2048
MinimumVisualStudioVersion = 10.0.40219.1
Project("{FAE04EC0-301F-11D3-BF4B-00C04F79EFBC}") = "Hibernata", "Hibernata\Hibernata.csproj", "{689BDD38-E50F-4D0C-9E71-C7D3B4D8B72C}"
EndProject
Global
	GlobalSection(SolutionConfigurationPlatforms) = preSolution
		Debug|Any CPU = Debug|Any CPU
		Release|Any CPU = Release|Any CPU
	EndGlobalSection
	GlobalSection(ProjectConfigurationPlatforms) = postSolution
		{689BDD38-E50F-4D0C-9E71-C7D3B4D8B72C}.Debug|Any CPU.ActiveCfg = Debug|Any CPU
		{689BDD38-E50F-4D0C-9E71-C7D3B4D8B72C}.Debug|Any CPU.Build.0 = Debug|Any CPU
		{689BDD38-E50F-4D0C-9E71-C7D3B4D8B72C}.Release|Any CPU.ActiveCfg = Release|Any CPU
		{689BDD38-E50F-4D0C-9E71-C7D3B4D8B72C}.Release|Any CPU.Build.0 = Release|Any CPU
	EndGlobalSection
	GlobalSection(SolutionProperties) = preSolution
		HideSolutionNode = FALSE
	EndGlobalSection
	GlobalSection(ExtensibilityGlobals) = postSolution
		SolutionGuid = {98FF597C-198C-4A4F-A706-F3220162F6C8}
	EndGlobalSection
EndGlobal
